
Microsoft Visual Studio Solution File, Format Version 12.00
# Visual Studio Version 17
VisualStudioVersion = 17.1.32414.318
MinimumVisualStudioVersion = 10.0.40219.1
Project("{FAE04EC0-301F-11D3-BF4B-00C04F79EFBC}") = "Blog.Data", "Blog.Data\Blog.Data.csproj", "{44F49180-EAD3-47B6-8FEF-B2BAD452A385}"
EndProject
Project("{FAE04EC0-301F-11D3-BF4B-00C04F79EFBC}") = "Blog.Web", "Blog.Web\Blog.Web.csproj", "{2558735C-3EF2-41D5-A16C-4B3EDAEF819F}"
EndProject
Project("{FAE04EC0-301F-11D3-BF4B-00C04F79EFBC}") = "Blog.Services", "Blog.Services\Blog.Services.csproj", "{3E032087-7401-40FD-8F35-C4CE1ED10063}"
EndProject
Global
	GlobalSection(SolutionConfigurationPlatforms) = preSolution
		Debug|Any CPU = Debug|Any CPU
		Release|Any CPU = Release|Any CPU
	EndGlobalSection
	GlobalSection(ProjectConfigurationPlatforms) = postSolution
		{44F49180-EAD3-47B6-8FEF-B2BAD452A385}.Debug|Any CPU.ActiveCfg = Debug|Any CPU
		{44F49180-EAD3-47B6-8FEF-B2BAD452A385}.Debug|Any CPU.Build.0 = Debug|Any CPU
		{44F49180-EAD3-47B6-8FEF-B2BAD452A385}.Release|Any CPU.ActiveCfg = Release|Any CPU
		{44F49180-EAD3-47B6-8FEF-B2BAD452A385}.Release|Any CPU.Build.0 = Release|Any CPU
		{2558735C-3EF2-41D5-A16C-4B3EDAEF819F}.Debug|Any CPU.ActiveCfg = Debug|Any CPU
		{2558735C-3EF2-41D5-A16C-4B3EDAEF819F}.Debug|Any CPU.Build.0 = Debug|Any CPU
		{2558735C-3EF2-41D5-A16C-4B3EDAEF819F}.Release|Any CPU.ActiveCfg = Release|Any CPU
		{2558735C-3EF2-41D5-A16C-4B3EDAEF819F}.Release|Any CPU.Build.0 = Release|Any CPU
		{3E032087-7401-40FD-8F35-C4CE1ED10063}.Debug|Any CPU.ActiveCfg = Debug|Any CPU
		{3E032087-7401-40FD-8F35-C4CE1ED10063}.Debug|Any CPU.Build.0 = Debug|Any CPU
		{3E032087-7401-40FD-8F35-C4CE1ED10063}.Release|Any CPU.ActiveCfg = Release|Any CPU
		{3E032087-7401-40FD-8F35-C4CE1ED10063}.Release|Any CPU.Build.0 = Release|Any CPU
	EndGlobalSection
	GlobalSection(SolutionProperties) = preSolution
		HideSolutionNode = FALSE
	EndGlobalSection
	GlobalSection(ExtensibilityGlobals) = postSolution
		SolutionGuid = {5B1472D3-F1C1-45D6-8E1A-E91EC782D3A2}
	EndGlobalSection
EndGlobal
